
Microsoft Visual Studio Solution File, Format Version 12.00
# Visual Studio Version 17
VisualStudioVersion = 17.0.31903.59
MinimumVisualStudioVersion = 10.0.40219.1
Project("{2150E333-8FDC-42A3-9474-1A3956D46DE8}") = "src", "src", "{827E0CD3-B72D-47B6-A68D-7590B98EB39B}"
EndProject
Project("{FAE04EC0-301F-11D3-BF4B-00C04F79EFBC}") = "ReBackup.Core", "src\ReBackup.Core\ReBackup.Core.csproj", "{2BC21FE2-9554-4E0C-BD0C-DBEB6F16C41B}"
EndProject
Project("{FAE04EC0-301F-11D3-BF4B-00C04F79EFBC}") = "ReBackup.App", "src\ReBackup.App\ReBackup.App.csproj", "{9EB58A24-9648-4FD2-AAD2-3B5D0424BA97}"
EndProject
Project("{FAE04EC0-301F-11D3-BF4B-00C04F79EFBC}") = "ReBackup.Core.Tests", "tests\ReBackup.Core.Tests\ReBackup.Core.Tests.csproj", "{92CC3408-1919-44E4-A178-49DF037762FD}"
EndProject
Project("{FAE04EC0-301F-11D3-BF4B-00C04F79EFBC}") = "ReBackup.Shared", "src\ReBackup.Shared\ReBackup.Shared.csproj", "{5EA8E156-DAEB-424F-A135-D59580F7E281}"
EndProject
Project("{FAE04EC0-301F-11D3-BF4B-00C04F79EFBC}") = "ReBackup.Shared.Wpf", "src\ReBackup.Shared.Wpf\ReBackup.Shared.Wpf.csproj", "{FCE60E1E-158B-4D7F-B2E7-BD94F4466A71}"
EndProject
Project("{FAE04EC0-301F-11D3-BF4B-00C04F79EFBC}") = "ReBackup.Storage", "src\ReBackup.Storage\ReBackup.Storage.csproj", "{0DC2C4CC-7EC6-40F0-97DF-84C55A559009}"
EndProject
Project("{FAE04EC0-301F-11D3-BF4B-00C04F79EFBC}") = "ReBackup.Storage.Tests", "tests\ReBackup.Storage.Tests\ReBackup.Storage.Tests.csproj", "{40C647F4-7CB9-4EC1-AD28-14BCC83A8858}"
EndProject
Project("{FAE04EC0-301F-11D3-BF4B-00C04F79EFBC}") = "ReBackup.Storage.S3", "src\ReBackup.Storage.S3\ReBackup.Storage.S3.csproj", "{BE2B69C3-C678-439A-A3E0-DD8C01CF217E}"
EndProject
Project("{FAE04EC0-301F-11D3-BF4B-00C04F79EFBC}") = "ReBackup.Storage.S3.Tests", "tests\ReBackup.Storage.S3.Tests\ReBackup.Storage.S3.Tests.csproj", "{B7D44572-9819-4CC2-B3E2-98AF7F23BD4F}"
EndProject
Project("{FAE04EC0-301F-11D3-BF4B-00C04F79EFBC}") = "ReBackup.Shared.Wpf.Tests", "tests\ReBackup.Shared.Wpf.Tests\ReBackup.Shared.Wpf.Tests.csproj", "{1A114781-82F8-4179-81E6-B5B4C3995F59}"
EndProject
Global
	GlobalSection(SolutionConfigurationPlatforms) = preSolution
		Debug|Any CPU = Debug|Any CPU
		Debug|x64 = Debug|x64
		Debug|x86 = Debug|x86
		Release|Any CPU = Release|Any CPU
		Release|x64 = Release|x64
		Release|x86 = Release|x86
	EndGlobalSection
	GlobalSection(ProjectConfigurationPlatforms) = postSolution
		{2BC21FE2-9554-4E0C-BD0C-DBEB6F16C41B}.Debug|Any CPU.ActiveCfg = Debug|Any CPU
		{2BC21FE2-9554-4E0C-BD0C-DBEB6F16C41B}.Debug|Any CPU.Build.0 = Debug|Any CPU
		{2BC21FE2-9554-4E0C-BD0C-DBEB6F16C41B}.Debug|x64.ActiveCfg = Debug|Any CPU
		{2BC21FE2-9554-4E0C-BD0C-DBEB6F16C41B}.Debug|x64.Build.0 = Debug|Any CPU
		{2BC21FE2-9554-4E0C-BD0C-DBEB6F16C41B}.Debug|x86.ActiveCfg = Debug|Any CPU
		{2BC21FE2-9554-4E0C-BD0C-DBEB6F16C41B}.Debug|x86.Build.0 = Debug|Any CPU
		{2BC21FE2-9554-4E0C-BD0C-DBEB6F16C41B}.Release|Any CPU.ActiveCfg = Release|Any CPU
		{2BC21FE2-9554-4E0C-BD0C-DBEB6F16C41B}.Release|Any CPU.Build.0 = Release|Any CPU
		{2BC21FE2-9554-4E0C-BD0C-DBEB6F16C41B}.Release|x64.ActiveCfg = Release|Any CPU
		{2BC21FE2-9554-4E0C-BD0C-DBEB6F16C41B}.Release|x64.Build.0 = Release|Any CPU
		{2BC21FE2-9554-4E0C-BD0C-DBEB6F16C41B}.Release|x86.ActiveCfg = Release|Any CPU
		{2BC21FE2-9554-4E0C-BD0C-DBEB6F16C41B}.Release|x86.Build.0 = Release|Any CPU
		{9EB58A24-9648-4FD2-AAD2-3B5D0424BA97}.Debug|Any CPU.ActiveCfg = Debug|Any CPU
		{9EB58A24-9648-4FD2-AAD2-3B5D0424BA97}.Debug|Any CPU.Build.0 = Debug|Any CPU
		{9EB58A24-9648-4FD2-AAD2-3B5D0424BA97}.Debug|x64.ActiveCfg = Debug|Any CPU
		{9EB58A24-9648-4FD2-AAD2-3B5D0424BA97}.Debug|x64.Build.0 = Debug|Any CPU
		{9EB58A24-9648-4FD2-AAD2-3B5D0424BA97}.Debug|x86.ActiveCfg = Debug|Any CPU
		{9EB58A24-9648-4FD2-AAD2-3B5D0424BA97}.Debug|x86.Build.0 = Debug|Any CPU
		{9EB58A24-9648-4FD2-AAD2-3B5D0424BA97}.Release|Any CPU.ActiveCfg = Release|Any CPU
		{9EB58A24-9648-4FD2-AAD2-3B5D0424BA97}.Release|Any CPU.Build.0 = Release|Any CPU
		{9EB58A24-9648-4FD2-AAD2-3B5D0424BA97}.Release|x64.ActiveCfg = Release|Any CPU
		{9EB58A24-9648-4FD2-AAD2-3B5D0424BA97}.Release|x64.Build.0 = Release|Any CPU
		{9EB58A24-9648-4FD2-AAD2-3B5D0424BA97}.Release|x86.ActiveCfg = Release|Any CPU
		{9EB58A24-9648-4FD2-AAD2-3B5D0424BA97}.Release|x86.Build.0 = Release|Any CPU
		{92CC3408-1919-44E4-A178-49DF037762FD}.Debug|Any CPU.ActiveCfg = Debug|Any CPU
		{92CC3408-1919-44E4-A178-49DF037762FD}.Debug|Any CPU.Build.0 = Debug|Any CPU
		{92CC3408-1919-44E4-A178-49DF037762FD}.Debug|x64.ActiveCfg = Debug|Any CPU
		{92CC3408-1919-44E4-A178-49DF037762FD}.Debug|x64.Build.0 = Debug|Any CPU
		{92CC3408-1919-44E4-A178-49DF037762FD}.Debug|x86.ActiveCfg = Debug|Any CPU
		{92CC3408-1919-44E4-A178-49DF037762FD}.Debug|x86.Build.0 = Debug|Any CPU
		{92CC3408-1919-44E4-A178-49DF037762FD}.Release|Any CPU.ActiveCfg = Release|Any CPU
		{92CC3408-1919-44E4-A178-49DF037762FD}.Release|Any CPU.Build.0 = Release|Any CPU
		{92CC3408-1919-44E4-A178-49DF037762FD}.Release|x64.ActiveCfg = Release|Any CPU
		{92CC3408-1919-44E4-A178-49DF037762FD}.Release|x64.Build.0 = Release|Any CPU
		{92CC3408-1919-44E4-A178-49DF037762FD}.Release|x86.ActiveCfg = Release|Any CPU
		{92CC3408-1919-44E4-A178-49DF037762FD}.Release|x86.Build.0 = Release|Any CPU
		{5EA8E156-DAEB-424F-A135-D59580F7E281}.Debug|Any CPU.ActiveCfg = Debug|Any CPU
		{5EA8E156-DAEB-424F-A135-D59580F7E281}.Debug|Any CPU.Build.0 = Debug|Any CPU
		{5EA8E156-DAEB-424F-A135-D59580F7E281}.Debug|x64.ActiveCfg = Debug|Any CPU
		{5EA8E156-DAEB-424F-A135-D59580F7E281}.Debug|x64.Build.0 = Debug|Any CPU
		{5EA8E156-DAEB-424F-A135-D59580F7E281}.Debug|x86.ActiveCfg = Debug|Any CPU
		{5EA8E156-DAEB-424F-A135-D59580F7E281}.Debug|x86.Build.0 = Debug|Any CPU
		{5EA8E156-DAEB-424F-A135-D59580F7E281}.Release|Any CPU.ActiveCfg = Release|Any CPU
		{5EA8E156-DAEB-424F-A135-D59580F7E281}.Release|Any CPU.Build.0 = Release|Any CPU
		{5EA8E156-DAEB-424F-A135-D59580F7E281}.Release|x64.ActiveCfg = Release|Any CPU
		{5EA8E156-DAEB-424F-A135-D59580F7E281}.Release|x64.Build.0 = Release|Any CPU
		{5EA8E156-DAEB-424F-A135-D59580F7E281}.Release|x86.ActiveCfg = Release|Any CPU
		{5EA8E156-DAEB-424F-A135-D59580F7E281}.Release|x86.Build.0 = Release|Any CPU
		{FCE60E1E-158B-4D7F-B2E7-BD94F4466A71}.Debug|Any CPU.ActiveCfg = Debug|Any CPU
		{FCE60E1E-158B-4D7F-B2E7-BD94F4466A71}.Debug|Any CPU.Build.0 = Debug|Any CPU
		{FCE60E1E-158B-4D7F-B2E7-BD94F4466A71}.Debug|x64.ActiveCfg = Debug|Any CPU
		{FCE60E1E-158B-4D7F-B2E7-BD94F4466A71}.Debug|x64.Build.0 = Debug|Any CPU
		{FCE60E1E-158B-4D7F-B2E7-BD94F4466A71}.Debug|x86.ActiveCfg = Debug|Any CPU
		{FCE60E1E-158B-4D7F-B2E7-BD94F4466A71}.Debug|x86.Build.0 = Debug|Any CPU
		{FCE60E1E-158B-4D7F-B2E7-BD94F4466A71}.Release|Any CPU.ActiveCfg = Release|Any CPU
		{FCE60E1E-158B-4D7F-B2E7-BD94F4466A71}.Release|Any CPU.Build.0 = Release|Any CPU
		{FCE60E1E-158B-4D7F-B2E7-BD94F4466A71}.Release|x64.ActiveCfg = Release|Any CPU
		{FCE60E1E-158B-4D7F-B2E7-BD94F4466A71}.Release|x64.Build.0 = Release|Any CPU
		{FCE60E1E-158B-4D7F-B2E7-BD94F4466A71}.Release|x86.ActiveCfg = Release|Any CPU
		{FCE60E1E-158B-4D7F-B2E7-BD94F4466A71}.Release|x86.Build.0 = Release|Any CPU
		{0DC2C4CC-7EC6-40F0-97DF-84C55A559009}.Debug|Any CPU.ActiveCfg = Debug|Any CPU
		{0DC2C4CC-7EC6-40F0-97DF-84C55A559009}.Debug|Any CPU.Build.0 = Debug|Any CPU
		{0DC2C4CC-7EC6-40F0-97DF-84C55A559009}.Debug|x64.ActiveCfg = Debug|Any CPU
		{0DC2C4CC-7EC6-40F0-97DF-84C55A559009}.Debug|x64.Build.0 = Debug|Any CPU
		{0DC2C4CC-7EC6-40F0-97DF-84C55A559009}.Debug|x86.ActiveCfg = Debug|Any CPU
		{0DC2C4CC-7EC6-40F0-97DF-84C55A559009}.Debug|x86.Build.0 = Debug|Any CPU
		{0DC2C4CC-7EC6-40F0-97DF-84C55A559009}.Release|Any CPU.ActiveCfg = Release|Any CPU
		{0DC2C4CC-7EC6-40F0-97DF-84C55A559009}.Release|Any CPU.Build.0 = Release|Any CPU
		{0DC2C4CC-7EC6-40F0-97DF-84C55A559009}.Release|x64.ActiveCfg = Release|Any CPU
		{0DC2C4CC-7EC6-40F0-97DF-84C55A559009}.Release|x64.Build.0 = Release|Any CPU
		{0DC2C4CC-7EC6-40F0-97DF-84C55A559009}.Release|x86.ActiveCfg = Release|Any CPU
		{0DC2C4CC-7EC6-40F0-97DF-84C55A559009}.Release|x86.Build.0 = Release|Any CPU
		{40C647F4-7CB9-4EC1-AD28-14BCC83A8858}.Debug|Any CPU.ActiveCfg = Debug|Any CPU
		{40C647F4-7CB9-4EC1-AD28-14BCC83A8858}.Debug|Any CPU.Build.0 = Debug|Any CPU
		{40C647F4-7CB9-4EC1-AD28-14BCC83A8858}.Debug|x64.ActiveCfg = Debug|Any CPU
		{40C647F4-7CB9-4EC1-AD28-14BCC83A8858}.Debug|x64.Build.0 = Debug|Any CPU
		{40C647F4-7CB9-4EC1-AD28-14BCC83A8858}.Debug|x86.ActiveCfg = Debug|Any CPU
		{40C647F4-7CB9-4EC1-AD28-14BCC83A8858}.Debug|x86.Build.0 = Debug|Any CPU
		{40C647F4-7CB9-4EC1-AD28-14BCC83A8858}.Release|Any CPU.ActiveCfg = Release|Any CPU
		{40C647F4-7CB9-4EC1-AD28-14BCC83A8858}.Release|Any CPU.Build.0 = Release|Any CPU
		{40C647F4-7CB9-4EC1-AD28-14BCC83A8858}.Release|x64.ActiveCfg = Release|Any CPU
		{40C647F4-7CB9-4EC1-AD28-14BCC83A8858}.Release|x64.Build.0 = Release|Any CPU
		{40C647F4-7CB9-4EC1-AD28-14BCC83A8858}.Release|x86.ActiveCfg = Release|Any CPU
		{40C647F4-7CB9-4EC1-AD28-14BCC83A8858}.Release|x86.Build.0 = Release|Any CPU
		{BE2B69C3-C678-439A-A3E0-DD8C01CF217E}.Debug|Any CPU.ActiveCfg = Debug|Any CPU
		{BE2B69C3-C678-439A-A3E0-DD8C01CF217E}.Debug|Any CPU.Build.0 = Debug|Any CPU
		{BE2B69C3-C678-439A-A3E0-DD8C01CF217E}.Debug|x64.ActiveCfg = Debug|Any CPU
		{BE2B69C3-C678-439A-A3E0-DD8C01CF217E}.Debug|x64.Build.0 = Debug|Any CPU
		{BE2B69C3-C678-439A-A3E0-DD8C01CF217E}.Debug|x86.ActiveCfg = Debug|Any CPU
		{BE2B69C3-C678-439A-A3E0-DD8C01CF217E}.Debug|x86.Build.0 = Debug|Any CPU
		{BE2B69C3-C678-439A-A3E0-DD8C01CF217E}.Release|Any CPU.ActiveCfg = Release|Any CPU
		{BE2B69C3-C678-439A-A3E0-DD8C01CF217E}.Release|Any CPU.Build.0 = Release|Any CPU
		{BE2B69C3-C678-439A-A3E0-DD8C01CF217E}.Release|x64.ActiveCfg = Release|Any CPU
		{BE2B69C3-C678-439A-A3E0-DD8C01CF217E}.Release|x64.Build.0 = Release|Any CPU
		{BE2B69C3-C678-439A-A3E0-DD8C01CF217E}.Release|x86.ActiveCfg = Release|Any CPU
		{BE2B69C3-C678-439A-A3E0-DD8C01CF217E}.Release|x86.Build.0 = Release|Any CPU
		{B7D44572-9819-4CC2-B3E2-98AF7F23BD4F}.Debug|Any CPU.ActiveCfg = Debug|Any CPU
		{B7D44572-9819-4CC2-B3E2-98AF7F23BD4F}.Debug|Any CPU.Build.0 = Debug|Any CPU
		{B7D44572-9819-4CC2-B3E2-98AF7F23BD4F}.Debug|x64.ActiveCfg = Debug|Any CPU
		{B7D44572-9819-4CC2-B3E2-98AF7F23BD4F}.Debug|x64.Build.0 = Debug|Any CPU
		{B7D44572-9819-4CC2-B3E2-98AF7F23BD4F}.Debug|x86.ActiveCfg = Debug|Any CPU
		{B7D44572-9819-4CC2-B3E2-98AF7F23BD4F}.Debug|x86.Build.0 = Debug|Any CPU
		{B7D44572-9819-4CC2-B3E2-98AF7F23BD4F}.Release|Any CPU.ActiveCfg = Release|Any CPU
		{B7D44572-9819-4CC2-B3E2-98AF7F23BD4F}.Release|Any CPU.Build.0 = Release|Any CPU
		{B7D44572-9819-4CC2-B3E2-98AF7F23BD4F}.Release|x64.ActiveCfg = Release|Any CPU
		{B7D44572-9819-4CC2-B3E2-98AF7F23BD4F}.Release|x64.Build.0 = Release|Any CPU
		{B7D44572-9819-4CC2-B3E2-98AF7F23BD4F}.Release|x86.ActiveCfg = Release|Any CPU
		{B7D44572-9819-4CC2-B3E2-98AF7F23BD4F}.Release|x86.Build.0 = Release|Any CPU
		{1A114781-82F8-4179-81E6-B5B4C3995F59}.Debug|Any CPU.ActiveCfg = Debug|Any CPU
		{1A114781-82F8-4179-81E6-B5B4C3995F59}.Debug|Any CPU.Build.0 = Debug|Any CPU
		{1A114781-82F8-4179-81E6-B5B4C3995F59}.Debug|x64.ActiveCfg = Debug|Any CPU
		{1A114781-82F8-4179-81E6-B5B4C3995F59}.Debug|x64.Build.0 = Debug|Any CPU
		{1A114781-82F8-4179-81E6-B5B4C3995F59}.Debug|x86.ActiveCfg = Debug|Any CPU
		{1A114781-82F8-4179-81E6-B5B4C3995F59}.Debug|x86.Build.0 = Debug|Any CPU
		{1A114781-82F8-4179-81E6-B5B4C3995F59}.Release|Any CPU.ActiveCfg = Release|Any CPU
		{1A114781-82F8-4179-81E6-B5B4C3995F59}.Release|Any CPU.Build.0 = Release|Any CPU
		{1A114781-82F8-4179-81E6-B5B4C3995F59}.Release|x64.ActiveCfg = Release|Any CPU
		{1A114781-82F8-4179-81E6-B5B4C3995F59}.Release|x64.Build.0 = Release|Any CPU
		{1A114781-82F8-4179-81E6-B5B4C3995F59}.Release|x86.ActiveCfg = Release|Any CPU
		{1A114781-82F8-4179-81E6-B5B4C3995F59}.Release|x86.Build.0 = Release|Any CPU
	EndGlobalSection
	GlobalSection(SolutionProperties) = preSolution
		HideSolutionNode = FALSE
	EndGlobalSection
	GlobalSection(NestedProjects) = preSolution
		{2BC21FE2-9554-4E0C-BD0C-DBEB6F16C41B} = {827E0CD3-B72D-47B6-A68D-7590B98EB39B}
		{9EB58A24-9648-4FD2-AAD2-3B5D0424BA97} = {827E0CD3-B72D-47B6-A68D-7590B98EB39B}
		{92CC3408-1919-44E4-A178-49DF037762FD} = {827E0CD3-B72D-47B6-A68D-7590B98EB39B}
		{5EA8E156-DAEB-424F-A135-D59580F7E281} = {827E0CD3-B72D-47B6-A68D-7590B98EB39B}
		{FCE60E1E-158B-4D7F-B2E7-BD94F4466A71} = {827E0CD3-B72D-47B6-A68D-7590B98EB39B}
		{0DC2C4CC-7EC6-40F0-97DF-84C55A559009} = {827E0CD3-B72D-47B6-A68D-7590B98EB39B}
		{40C647F4-7CB9-4EC1-AD28-14BCC83A8858} = {827E0CD3-B72D-47B6-A68D-7590B98EB39B}
		{BE2B69C3-C678-439A-A3E0-DD8C01CF217E} = {827E0CD3-B72D-47B6-A68D-7590B98EB39B}
		{B7D44572-9819-4CC2-B3E2-98AF7F23BD4F} = {827E0CD3-B72D-47B6-A68D-7590B98EB39B}
		{1A114781-82F8-4179-81E6-B5B4C3995F59} = {827E0CD3-B72D-47B6-A68D-7590B98EB39B}
	EndGlobalSection
EndGlobal
